
Microsoft Visual Studio Solution File, Format Version 12.00
# Visual Studio Version 17
VisualStudioVersion = 17.3.32929.385
MinimumVisualStudioVersion = 10.0.40219.1
Project("{FAE04EC0-301F-11D3-BF4B-00C04F79EFBC}") = "Tarea2Progra2", "Tarea2Progra2\Tarea2Progra2.csproj", "{50A3020A-59B2-42C3-9394-87410C9E7902}"
EndProject
Global
	GlobalSection(SolutionConfigurationPlatforms) = preSolution
		Debug|Any CPU = Debug|Any CPU
		Release|Any CPU = Release|Any CPU
	EndGlobalSection
	GlobalSection(ProjectConfigurationPlatforms) = postSolution
		{50A3020A-59B2-42C3-9394-87410C9E7902}.Debug|Any CPU.ActiveCfg = Debug|Any CPU
		{50A3020A-59B2-42C3-9394-87410C9E7902}.Debug|Any CPU.Build.0 = Debug|Any CPU
		{50A3020A-59B2-42C3-9394-87410C9E7902}.Release|Any CPU.ActiveCfg = Release|Any CPU
		{50A3020A-59B2-42C3-9394-87410C9E7902}.Release|Any CPU.Build.0 = Release|Any CPU
	EndGlobalSection
	GlobalSection(SolutionProperties) = preSolution
		HideSolutionNode = FALSE
	EndGlobalSection
	GlobalSection(ExtensibilityGlobals) = postSolution
		SolutionGuid = {C04494F0-E5F9-479E-89DF-D4F7A2966142}
	EndGlobalSection
EndGlobal
